
Microsoft Visual Studio Solution File, Format Version 12.00
# Visual Studio Version 16
VisualStudioVersion = 16.0.30128.74
MinimumVisualStudioVersion = 10.0.40219.1
Project("{9A19103F-16F7-4668-BE54-9A1E7A4F7556}") = "Test", "Test\Test.csproj", "{B5FB07EA-2927-484E-B66B-F22FA96822B1}"
EndProject
Project("{9A19103F-16F7-4668-BE54-9A1E7A4F7556}") = "CsSamples", "CsSamples\CsSamples.csproj", "{4B2C0F21-1E5E-454E-BBD5-BB6B9333D36C}"
EndProject
Project("{9A19103F-16F7-4668-BE54-9A1E7A4F7556}") = "CsLibs", "CsLibs\CsLibs.csproj", "{94B18244-4443-48BE-8999-4A833216747E}"
EndProject
Global
	GlobalSection(SolutionConfigurationPlatforms) = preSolution
		Debug|Any CPU = Debug|Any CPU
		Debug|x64 = Debug|x64
		Debug|x86 = Debug|x86
		Release|Any CPU = Release|Any CPU
		Release|x64 = Release|x64
		Release|x86 = Release|x86
	EndGlobalSection
	GlobalSection(ProjectConfigurationPlatforms) = postSolution
		{B5FB07EA-2927-484E-B66B-F22FA96822B1}.Debug|Any CPU.ActiveCfg = Debug|Any CPU
		{B5FB07EA-2927-484E-B66B-F22FA96822B1}.Debug|Any CPU.Build.0 = Debug|Any CPU
		{B5FB07EA-2927-484E-B66B-F22FA96822B1}.Debug|x64.ActiveCfg = Debug|Any CPU
		{B5FB07EA-2927-484E-B66B-F22FA96822B1}.Debug|x64.Build.0 = Debug|Any CPU
		{B5FB07EA-2927-484E-B66B-F22FA96822B1}.Debug|x86.ActiveCfg = Debug|Any CPU
		{B5FB07EA-2927-484E-B66B-F22FA96822B1}.Debug|x86.Build.0 = Debug|Any CPU
		{B5FB07EA-2927-484E-B66B-F22FA96822B1}.Release|Any CPU.ActiveCfg = Release|Any CPU
		{B5FB07EA-2927-484E-B66B-F22FA96822B1}.Release|Any CPU.Build.0 = Release|Any CPU
		{B5FB07EA-2927-484E-B66B-F22FA96822B1}.Release|x64.ActiveCfg = Release|Any CPU
		{B5FB07EA-2927-484E-B66B-F22FA96822B1}.Release|x64.Build.0 = Release|Any CPU
		{B5FB07EA-2927-484E-B66B-F22FA96822B1}.Release|x86.ActiveCfg = Release|Any CPU
		{B5FB07EA-2927-484E-B66B-F22FA96822B1}.Release|x86.Build.0 = Release|Any CPU
		{4B2C0F21-1E5E-454E-BBD5-BB6B9333D36C}.Debug|Any CPU.ActiveCfg = Debug|Any CPU
		{4B2C0F21-1E5E-454E-BBD5-BB6B9333D36C}.Debug|Any CPU.Build.0 = Debug|Any CPU
		{4B2C0F21-1E5E-454E-BBD5-BB6B9333D36C}.Debug|x64.ActiveCfg = Debug|Any CPU
		{4B2C0F21-1E5E-454E-BBD5-BB6B9333D36C}.Debug|x64.Build.0 = Debug|Any CPU
		{4B2C0F21-1E5E-454E-BBD5-BB6B9333D36C}.Debug|x86.ActiveCfg = Debug|Any CPU
		{4B2C0F21-1E5E-454E-BBD5-BB6B9333D36C}.Debug|x86.Build.0 = Debug|Any CPU
		{4B2C0F21-1E5E-454E-BBD5-BB6B9333D36C}.Release|Any CPU.ActiveCfg = Release|Any CPU
		{4B2C0F21-1E5E-454E-BBD5-BB6B9333D36C}.Release|Any CPU.Build.0 = Release|Any CPU
		{4B2C0F21-1E5E-454E-BBD5-BB6B9333D36C}.Release|x64.ActiveCfg = Release|Any CPU
		{4B2C0F21-1E5E-454E-BBD5-BB6B9333D36C}.Release|x64.Build.0 = Release|Any CPU
		{4B2C0F21-1E5E-454E-BBD5-BB6B9333D36C}.Release|x86.ActiveCfg = Release|Any CPU
		{4B2C0F21-1E5E-454E-BBD5-BB6B9333D36C}.Release|x86.Build.0 = Release|Any CPU
		{94B18244-4443-48BE-8999-4A833216747E}.Debug|Any CPU.ActiveCfg = Debug|Any CPU
		{94B18244-4443-48BE-8999-4A833216747E}.Debug|Any CPU.Build.0 = Debug|Any CPU
		{94B18244-4443-48BE-8999-4A833216747E}.Debug|x64.ActiveCfg = Debug|Any CPU
		{94B18244-4443-48BE-8999-4A833216747E}.Debug|x64.Build.0 = Debug|Any CPU
		{94B18244-4443-48BE-8999-4A833216747E}.Debug|x86.ActiveCfg = Debug|Any CPU
		{94B18244-4443-48BE-8999-4A833216747E}.Debug|x86.Build.0 = Debug|Any CPU
		{94B18244-4443-48BE-8999-4A833216747E}.Release|Any CPU.ActiveCfg = Release|Any CPU
		{94B18244-4443-48BE-8999-4A833216747E}.Release|Any CPU.Build.0 = Release|Any CPU
		{94B18244-4443-48BE-8999-4A833216747E}.Release|x64.ActiveCfg = Release|Any CPU
		{94B18244-4443-48BE-8999-4A833216747E}.Release|x64.Build.0 = Release|Any CPU
		{94B18244-4443-48BE-8999-4A833216747E}.Release|x86.ActiveCfg = Release|Any CPU
		{94B18244-4443-48BE-8999-4A833216747E}.Release|x86.Build.0 = Release|Any CPU
	EndGlobalSection
	GlobalSection(SolutionProperties) = preSolution
		HideSolutionNode = FALSE
	EndGlobalSection
	GlobalSection(ExtensibilityGlobals) = postSolution
		SolutionGuid = {7C7FAD68-A2D7-4FB2-9CF6-93D01E76886E}
	EndGlobalSection
EndGlobal
